
Microsoft Visual Studio Solution File, Format Version 12.00
# Visual Studio Version 17
VisualStudioVersion = 17.9.34728.123
MinimumVisualStudioVersion = 10.0.40219.1
Project("{FAE04EC0-301F-11D3-BF4B-00C04F79EFBC}") = "Vin Fletcher’s Arrows", "Vin Fletcher’s Arrows.csproj", "{0C2EB3C9-ED50-468E-91DD-D0FF257B89D7}"
EndProject
Global
	GlobalSection(SolutionConfigurationPlatforms) = preSolution
		Debug|Any CPU = Debug|Any CPU
		Release|Any CPU = Release|Any CPU
	EndGlobalSection
	GlobalSection(ProjectConfigurationPlatforms) = postSolution
		{0C2EB3C9-ED50-468E-91DD-D0FF257B89D7}.Debug|Any CPU.ActiveCfg = Debug|Any CPU
		{0C2EB3C9-ED50-468E-91DD-D0FF257B89D7}.Debug|Any CPU.Build.0 = Debug|Any CPU
		{0C2EB3C9-ED50-468E-91DD-D0FF257B89D7}.Release|Any CPU.ActiveCfg = Release|Any CPU
		{0C2EB3C9-ED50-468E-91DD-D0FF257B89D7}.Release|Any CPU.Build.0 = Release|Any CPU
	EndGlobalSection
	GlobalSection(SolutionProperties) = preSolution
		HideSolutionNode = FALSE
	EndGlobalSection
	GlobalSection(ExtensibilityGlobals) = postSolution
		SolutionGuid = {1EFDFF56-21D0-4F8F-9A31-FAE6257F5033}
	EndGlobalSection
EndGlobal
